
Microsoft Visual Studio Solution File, Format Version 12.00
# Visual Studio Version 16
VisualStudioVersion = 16.0.31402.337
MinimumVisualStudioVersion = 10.0.40219.1
Project("{FAE04EC0-301F-11D3-BF4B-00C04F79EFBC}") = "eShopSolution.WebApp", "eShopSolution.WebApp\eShopSolution.WebApp.csproj", "{6FBD6236-93BE-488E-A69C-00C6D15D02B0}"
EndProject
Global
	GlobalSection(SolutionConfigurationPlatforms) = preSolution
		Debug|Any CPU = Debug|Any CPU
		Release|Any CPU = Release|Any CPU
	EndGlobalSection
	GlobalSection(ProjectConfigurationPlatforms) = postSolution
		{6FBD6236-93BE-488E-A69C-00C6D15D02B0}.Debug|Any CPU.ActiveCfg = Debug|Any CPU
		{6FBD6236-93BE-488E-A69C-00C6D15D02B0}.Debug|Any CPU.Build.0 = Debug|Any CPU
		{6FBD6236-93BE-488E-A69C-00C6D15D02B0}.Release|Any CPU.ActiveCfg = Release|Any CPU
		{6FBD6236-93BE-488E-A69C-00C6D15D02B0}.Release|Any CPU.Build.0 = Release|Any CPU
	EndGlobalSection
	GlobalSection(SolutionProperties) = preSolution
		HideSolutionNode = FALSE
	EndGlobalSection
	GlobalSection(ExtensibilityGlobals) = postSolution
		SolutionGuid = {13FA7732-799C-4011-9E19-E68BAEB1A94E}
	EndGlobalSection
EndGlobal
