
Microsoft Visual Studio Solution File, Format Version 12.00
# Visual Studio Version 16
VisualStudioVersion = 16.0.31402.337
MinimumVisualStudioVersion = 10.0.40219.1
Project("{FAE04EC0-301F-11D3-BF4B-00C04F79EFBC}") = "eShopSolution.WebApp", "eShopSolution.WebApp\eShopSolution.WebApp.csproj", "{6FBD6236-93BE-488E-A69C-00C6D15D02B0}"
EndProject
Project("{2150E333-8FDC-42A3-9474-1A3956D46DE8}") = "Solution Items", "Solution Items", "{70D7B6CE-992B-4840-9297-C8E5F135DDA1}"
	ProjectSection(SolutionItems) = preProject
		README.md = README.md
	EndProjectSection
EndProject
Project("{FAE04EC0-301F-11D3-BF4B-00C04F79EFBC}") = "eShopSolution.Data", "eShopSolution.Data\eShopSolution.Data.csproj", "{4B2C81BD-B0E1-4D13-B4B0-9EE551DC1705}"
EndProject
Project("{FAE04EC0-301F-11D3-BF4B-00C04F79EFBC}") = "eShopSolution.Application", "eShopSolution.Application\eShopSolution.Application.csproj", "{6698EBC7-FA0E-4479-A6AE-21E85439E142}"
EndProject
Global
	GlobalSection(SolutionConfigurationPlatforms) = preSolution
		Debug|Any CPU = Debug|Any CPU
		Release|Any CPU = Release|Any CPU
	EndGlobalSection
	GlobalSection(ProjectConfigurationPlatforms) = postSolution
		{6FBD6236-93BE-488E-A69C-00C6D15D02B0}.Debug|Any CPU.ActiveCfg = Debug|Any CPU
		{6FBD6236-93BE-488E-A69C-00C6D15D02B0}.Debug|Any CPU.Build.0 = Debug|Any CPU
		{6FBD6236-93BE-488E-A69C-00C6D15D02B0}.Release|Any CPU.ActiveCfg = Release|Any CPU
		{6FBD6236-93BE-488E-A69C-00C6D15D02B0}.Release|Any CPU.Build.0 = Release|Any CPU
		{4B2C81BD-B0E1-4D13-B4B0-9EE551DC1705}.Debug|Any CPU.ActiveCfg = Debug|Any CPU
		{4B2C81BD-B0E1-4D13-B4B0-9EE551DC1705}.Debug|Any CPU.Build.0 = Debug|Any CPU
		{4B2C81BD-B0E1-4D13-B4B0-9EE551DC1705}.Release|Any CPU.ActiveCfg = Release|Any CPU
		{4B2C81BD-B0E1-4D13-B4B0-9EE551DC1705}.Release|Any CPU.Build.0 = Release|Any CPU
		{6698EBC7-FA0E-4479-A6AE-21E85439E142}.Debug|Any CPU.ActiveCfg = Debug|Any CPU
		{6698EBC7-FA0E-4479-A6AE-21E85439E142}.Debug|Any CPU.Build.0 = Debug|Any CPU
		{6698EBC7-FA0E-4479-A6AE-21E85439E142}.Release|Any CPU.ActiveCfg = Release|Any CPU
		{6698EBC7-FA0E-4479-A6AE-21E85439E142}.Release|Any CPU.Build.0 = Release|Any CPU
	EndGlobalSection
	GlobalSection(SolutionProperties) = preSolution
		HideSolutionNode = FALSE
	EndGlobalSection
	GlobalSection(ExtensibilityGlobals) = postSolution
		SolutionGuid = {13FA7732-799C-4011-9E19-E68BAEB1A94E}
	EndGlobalSection
EndGlobal
